
Microsoft Visual Studio Solution File, Format Version 12.00
# Visual Studio Version 17
VisualStudioVersion = 17.11.35327.3
MinimumVisualStudioVersion = 10.0.40219.1
Project("{FAE04EC0-301F-11D3-BF4B-00C04F79EFBC}") = "Rijschool", "Classes\Rijschool.csproj", "{7D47C060-9CEF-4A7E-B2C7-637473E35D87}"
EndProject
Global
	GlobalSection(SolutionConfigurationPlatforms) = preSolution
		Debug|Any CPU = Debug|Any CPU
		Release|Any CPU = Release|Any CPU
	EndGlobalSection
	GlobalSection(ProjectConfigurationPlatforms) = postSolution
		{7D47C060-9CEF-4A7E-B2C7-637473E35D87}.Debug|Any CPU.ActiveCfg = Debug|Any CPU
		{7D47C060-9CEF-4A7E-B2C7-637473E35D87}.Debug|Any CPU.Build.0 = Debug|Any CPU
		{7D47C060-9CEF-4A7E-B2C7-637473E35D87}.Release|Any CPU.ActiveCfg = Release|Any CPU
		{7D47C060-9CEF-4A7E-B2C7-637473E35D87}.Release|Any CPU.Build.0 = Release|Any CPU
	EndGlobalSection
	GlobalSection(SolutionProperties) = preSolution
		HideSolutionNode = FALSE
	EndGlobalSection
	GlobalSection(ExtensibilityGlobals) = postSolution
		SolutionGuid = {0BADC22E-F754-4127-8C78-D985DEEFAE6B}
	EndGlobalSection
EndGlobal
