
Microsoft Visual Studio Solution File, Format Version 12.00
# Visual Studio Version 17
VisualStudioVersion = 17.11.35327.3
MinimumVisualStudioVersion = 10.0.40219.1
Project("{FAE04EC0-301F-11D3-BF4B-00C04F79EFBC}") = "Lists", "Lists\Lists.csproj", "{D771745B-BE26-4C57-9C79-9544A6FAAEA4}"
EndProject
Global
	GlobalSection(SolutionConfigurationPlatforms) = preSolution
		Debug|Any CPU = Debug|Any CPU
		Release|Any CPU = Release|Any CPU
	EndGlobalSection
	GlobalSection(ProjectConfigurationPlatforms) = postSolution
		{D771745B-BE26-4C57-9C79-9544A6FAAEA4}.Debug|Any CPU.ActiveCfg = Debug|Any CPU
		{D771745B-BE26-4C57-9C79-9544A6FAAEA4}.Debug|Any CPU.Build.0 = Debug|Any CPU
		{D771745B-BE26-4C57-9C79-9544A6FAAEA4}.Release|Any CPU.ActiveCfg = Release|Any CPU
		{D771745B-BE26-4C57-9C79-9544A6FAAEA4}.Release|Any CPU.Build.0 = Release|Any CPU
	EndGlobalSection
	GlobalSection(SolutionProperties) = preSolution
		HideSolutionNode = FALSE
	EndGlobalSection
	GlobalSection(ExtensibilityGlobals) = postSolution
		SolutionGuid = {A84886F9-64D5-451D-9A1F-E98280B5C845}
	EndGlobalSection
EndGlobal
